{
  "nodes": {
    "flake-utils": {
      "inputs": {
        "systems": [
          "systems"
        ]
      },
      "locked": {
        "lastModified": 1731533236,
        "narHash": "sha256-l0KFg5HjrsfsO/JpG+r7fRrqm12kzFHyUHqHCVpMMbI=",
        "owner": "numtide",
        "repo": "flake-utils",
        "rev": "11707dc2f618dd54ca8739b309ec4fc024de578b",
        "type": "github"
      },
      "original": {
        "owner": "numtide",
        "repo": "flake-utils",
        "type": "github"
      }
    },
    "nixpkgs": {
      "locked": {
        "lastModified": 1766653575,
        "narHash": "sha256-TPgxCS7+hWc4kPhzkU5dD2M5UuPhLuuaMNZ/IpwKQvI=",
        "owner": "nixos",
        "repo": "nixpkgs",
        "rev": "3c1016e6acd16ad96053116d0d3043029c9e2649",
        "type": "github"
      },
      "original": {
        "owner": "nixos",
        "ref": "nixpkgs-unstable",
        "repo": "nixpkgs",
        "type": "github"
      }
    },
    "root": {
      "inputs": {
        "flake-utils": "flake-utils",
        "nixpkgs": "nixpkgs",
        "scenefx": "scenefx",
        "systems": "systems_2"
      }
    },
    "scenefx": {
      "inputs": {
        "flake-utils": [
          "flake-utils"
        ],
        "nixpkgs": [
          "nixpkgs"
        ],
        "systems": "systems"
      },
      "locked": {
        "lastModified": 1763527596,
        "narHash": "sha256-EDTAzE9SBXob831/AxcGey0R1mI77hbP7PuVxZecSMU=",
        "owner": "wlrfx",
        "repo": "scenefx",
        "rev": "fcdcb68145be2cb6bbe1066c2ede04fceb39ca26",
        "type": "github"
      },
      "original": {
        "owner": "wlrfx",
        "repo": "scenefx",
        "type": "github"
      }
    },
    "systems": {
      "locked": {
        "lastModified": 1689347949,
        "narHash": "sha256-12tWmuL2zgBgZkdoB6qXZsgJEH9LR3oUgpaQq2RbI80=",
        "owner": "nix-systems",
        "repo": "default-linux",
        "rev": "31732fcf5e8fea42e59c2488ad31a0e651500f68",
        "type": "github"
      },
      "original": {
        "owner": "nix-systems",
        "repo": "default-linux",
        "type": "github"
      }
    },
    "systems_2": {
      "locked": {
        "lastModified": 1689347949,
        "narHash": "sha256-12tWmuL2zgBgZkdoB6qXZsgJEH9LR3oUgpaQq2RbI80=",
        "owner": "nix-systems",
        "repo": "default-linux",
        "rev": "31732fcf5e8fea42e59c2488ad31a0e651500f68",
        "type": "github"
      },
      "original": {
        "owner": "nix-systems",
        "repo": "default-linux",
        "type": "github"
      }
    }
  },
  "root": "root",
  "version": 7
}
